
Microsoft Visual Studio Solution File, Format Version 12.00
# Visual Studio Version 17
VisualStudioVersion = 17.11.35431.28
MinimumVisualStudioVersion = 10.0.40219.1
Project("{FAE04EC0-301F-11D3-BF4B-00C04F79EFBC}") = "ClientManagementSystem.BAL", "ClientManagementSystem.BAL\ClientManagementSystem.BAL.csproj", "{3F955D1D-EB8E-4349-A2B7-D0406AA043AD}"
EndProject
Project("{FAE04EC0-301F-11D3-BF4B-00C04F79EFBC}") = "ClientManagementSystem.Service", "ClientManagementSystem.Service\ClientManagementSystem.Service.csproj", "{097FF3F4-C8C6-48FB-82F2-4F9E4F87BCCE}"
EndProject
Project("{FAE04EC0-301F-11D3-BF4B-00C04F79EFBC}") = "ClientManagementSystem.Host", "ClientManagementSystem.Host\ClientManagementSystem.Host.csproj", "{C27D9471-2FA5-4AF3-87B2-4DAEED3EDB4B}"
EndProject
Project("{FAE04EC0-301F-11D3-BF4B-00C04F79EFBC}") = "ClientManagementSystem.DAL", "ClientManagementSystem.DAL\ClientManagementSystem.DAL.csproj", "{D76A84BF-EB78-42DA-BC90-0646A2F69E13}"
EndProject
Project("{FAE04EC0-301F-11D3-BF4B-00C04F79EFBC}") = "ClientManagementSystem.UI", "ClientManagementSystem.UI\ClientManagementSystem.UI.csproj", "{CF2C51F7-C195-4294-82C4-45D515B6DD54}"
	ProjectSection(ProjectDependencies) = postProject
		{D76A84BF-EB78-42DA-BC90-0646A2F69E13} = {D76A84BF-EB78-42DA-BC90-0646A2F69E13}
	EndProjectSection
EndProject
Global
	GlobalSection(SolutionConfigurationPlatforms) = preSolution
		Debug|Any CPU = Debug|Any CPU
		Release|Any CPU = Release|Any CPU
	EndGlobalSection
	GlobalSection(ProjectConfigurationPlatforms) = postSolution
		{3F955D1D-EB8E-4349-A2B7-D0406AA043AD}.Debug|Any CPU.ActiveCfg = Debug|Any CPU
		{3F955D1D-EB8E-4349-A2B7-D0406AA043AD}.Debug|Any CPU.Build.0 = Debug|Any CPU
		{3F955D1D-EB8E-4349-A2B7-D0406AA043AD}.Release|Any CPU.ActiveCfg = Release|Any CPU
		{3F955D1D-EB8E-4349-A2B7-D0406AA043AD}.Release|Any CPU.Build.0 = Release|Any CPU
		{097FF3F4-C8C6-48FB-82F2-4F9E4F87BCCE}.Debug|Any CPU.ActiveCfg = Debug|Any CPU
		{097FF3F4-C8C6-48FB-82F2-4F9E4F87BCCE}.Debug|Any CPU.Build.0 = Debug|Any CPU
		{097FF3F4-C8C6-48FB-82F2-4F9E4F87BCCE}.Release|Any CPU.ActiveCfg = Release|Any CPU
		{097FF3F4-C8C6-48FB-82F2-4F9E4F87BCCE}.Release|Any CPU.Build.0 = Release|Any CPU
		{C27D9471-2FA5-4AF3-87B2-4DAEED3EDB4B}.Debug|Any CPU.ActiveCfg = Debug|Any CPU
		{C27D9471-2FA5-4AF3-87B2-4DAEED3EDB4B}.Debug|Any CPU.Build.0 = Debug|Any CPU
		{C27D9471-2FA5-4AF3-87B2-4DAEED3EDB4B}.Release|Any CPU.ActiveCfg = Release|Any CPU
		{C27D9471-2FA5-4AF3-87B2-4DAEED3EDB4B}.Release|Any CPU.Build.0 = Release|Any CPU
		{D76A84BF-EB78-42DA-BC90-0646A2F69E13}.Debug|Any CPU.ActiveCfg = Debug|Any CPU
		{D76A84BF-EB78-42DA-BC90-0646A2F69E13}.Debug|Any CPU.Build.0 = Debug|Any CPU
		{D76A84BF-EB78-42DA-BC90-0646A2F69E13}.Release|Any CPU.ActiveCfg = Release|Any CPU
		{D76A84BF-EB78-42DA-BC90-0646A2F69E13}.Release|Any CPU.Build.0 = Release|Any CPU
		{CF2C51F7-C195-4294-82C4-45D515B6DD54}.Debug|Any CPU.ActiveCfg = Debug|Any CPU
		{CF2C51F7-C195-4294-82C4-45D515B6DD54}.Debug|Any CPU.Build.0 = Debug|Any CPU
		{CF2C51F7-C195-4294-82C4-45D515B6DD54}.Release|Any CPU.ActiveCfg = Release|Any CPU
		{CF2C51F7-C195-4294-82C4-45D515B6DD54}.Release|Any CPU.Build.0 = Release|Any CPU
	EndGlobalSection
	GlobalSection(SolutionProperties) = preSolution
		HideSolutionNode = FALSE
	EndGlobalSection
	GlobalSection(ExtensibilityGlobals) = postSolution
		SolutionGuid = {14F94C39-416A-4EAA-B8A9-C6B881973F12}
	EndGlobalSection
EndGlobal
